// !$*UTF8*$!
{
	archiveVersion = 1;
	classes = {
	};
	objectVersion = 56;
	objects = {

/* Begin PBXBuildFile section */
		21189BE52D7BA2930045B265 /* EcomAppApp.swift in Sources */ = {isa = PBXBuildFile; fileRef = 21189BE42D7BA2930045B265 /* EcomAppApp.swift */; };
		21189BE72D7BA2930045B265 /* ContentView.swift in Sources */ = {isa = PBXBuildFile; fileRef = 21189BE62D7BA2930045B265 /* ContentView.swift */; };
		21189BE92D7BA2940045B265 /* Assets.xcassets in Resources */ = {isa = PBXBuildFile; fileRef = 21189BE82D7BA2940045B265 /* Assets.xcassets */; };
		21189BEC2D7BA2950045B265 /* Preview Assets.xcassets in Resources */ = {isa = PBXBuildFile; fileRef = 21189BEB2D7BA2950045B265 /* Preview Assets.xcassets */; };
		211A5C472D8CBF2400B208C4 /* Uploader.swift in Sources */ = {isa = PBXBuildFile; fileRef = 211A5C462D8CBF2400B208C4 /* Uploader.swift */; };
		212D909C2D86DD930090C510 /* LoginScreen.swift in Sources */ = {isa = PBXBuildFile; fileRef = 212D909B2D86DD930090C510 /* LoginScreen.swift */; };
		212D909E2D872ED00090C510 /* KeyChainWrapper.swift in Sources */ = {isa = PBXBuildFile; fileRef = 212D909D2D872ED00090C510 /* KeyChainWrapper.swift */; };
		21537BE22D8B510B0058E93B /* Errors.swift in Sources */ = {isa = PBXBuildFile; fileRef = 21537BE12D8B510B0058E93B /* Errors.swift */; };
		21537BE42D8B591A0058E93B /* MyProductListScreen.swift in Sources */ = {isa = PBXBuildFile; fileRef = 21537BE32D8B591A0058E93B /* MyProductListScreen.swift */; };
		21537BE62D8B5B280058E93B /* AddProductScreen.swift in Sources */ = {isa = PBXBuildFile; fileRef = 21537BE52D8B5B280058E93B /* AddProductScreen.swift */; };
		215BDCB52DA023C2008CE594 /* MyProductDetailScreen.swift in Sources */ = {isa = PBXBuildFile; fileRef = 215BDCB42DA023C2008CE594 /* MyProductDetailScreen.swift */; };
		216CA2442D837672003589F5 /* AuthonticationController.swift in Sources */ = {isa = PBXBuildFile; fileRef = 216CA2432D837672003589F5 /* AuthonticationController.swift */; };
		216CA2472D83772C003589F5 /* HTTPClient.swift in Sources */ = {isa = PBXBuildFile; fileRef = 216CA2462D83772C003589F5 /* HTTPClient.swift */; };
		216CA24A2D83789E003589F5 /* AuthenticationEnvironmentKey.swift in Sources */ = {isa = PBXBuildFile; fileRef = 216CA2492D83789E003589F5 /* AuthenticationEnvironmentKey.swift */; };
		2192E6782D89FD4100891F4E /* ProductCellView.swift in Sources */ = {isa = PBXBuildFile; fileRef = 2192E6772D89FD4100891F4E /* ProductCellView.swift */; };
		219D4F362D8DE95D000A8677 /* UploaderEnvironmentKey.swift in Sources */ = {isa = PBXBuildFile; fileRef = 219D4F352D8DE95D000A8677 /* UploaderEnvironmentKey.swift */; };
		219D4F392D8E083F000A8677 /* ImagePicker.swift in Sources */ = {isa = PBXBuildFile; fileRef = 219D4F382D8E083F000A8677 /* ImagePicker.swift */; };
		219D8F782D883E7F000531BE /* JWTDecode in Frameworks */ = {isa = PBXBuildFile; productRef = 219D8F772D883E7F000531BE /* JWTDecode */; };
		219D8F7B2D883ED4000531BE /* JWTTokenValidator.swift in Sources */ = {isa = PBXBuildFile; fileRef = 219D8F7A2D883ED4000531BE /* JWTTokenValidator.swift */; };
		219D8F7D2D886379000531BE /* HomeScreen.swift in Sources */ = {isa = PBXBuildFile; fileRef = 219D8F7C2D886379000531BE /* HomeScreen.swift */; };
		219D8F802D887EB2000531BE /* RequiresAuthentication.swift in Sources */ = {isa = PBXBuildFile; fileRef = 219D8F7F2D887EB2000531BE /* RequiresAuthentication.swift */; };
		219D8F822D889415000531BE /* ProfileScreen.swift in Sources */ = {isa = PBXBuildFile; fileRef = 219D8F812D889415000531BE /* ProfileScreen.swift */; };
		219D8F842D88F702000531BE /* ProductListScreen.swift in Sources */ = {isa = PBXBuildFile; fileRef = 219D8F832D88F702000531BE /* ProductListScreen.swift */; };
		219D8F872D88F8EA000531BE /* ProductStore.swift in Sources */ = {isa = PBXBuildFile; fileRef = 219D8F862D88F8EA000531BE /* ProductStore.swift */; };
		21D552C92D84D9A9000A706D /* Constants.swift in Sources */ = {isa = PBXBuildFile; fileRef = 21D552C82D84D9A9000A706D /* Constants.swift */; };
		21D552CC2D84DAED000A706D /* DTOs.swift in Sources */ = {isa = PBXBuildFile; fileRef = 21D552CB2D84DAED000A706D /* DTOs.swift */; };
		21D552CF2D84DC1F000A706D /* RegistrationScreen.swift in Sources */ = {isa = PBXBuildFile; fileRef = 21D552CE2D84DC1F000A706D /* RegistrationScreen.swift */; };
		21D552D22D84DD87000A706D /* String+Extensions.swift in Sources */ = {isa = PBXBuildFile; fileRef = 21D552D12D84DD87000A706D /* String+Extensions.swift */; };
/* End PBXBuildFile section */

/* Begin PBXFileReference section */
		21189BE12D7BA2930045B265 /* EcomApp.app */ = {isa = PBXFileReference; explicitFileType = wrapper.application; includeInIndex = 0; path = EcomApp.app; sourceTree = BUILT_PRODUCTS_DIR; };
		21189BE42D7BA2930045B265 /* EcomAppApp.swift */ = {isa = PBXFileReference; lastKnownFileType = sourcecode.swift; path = EcomAppApp.swift; sourceTree = "<group>"; };
		21189BE62D7BA2930045B265 /* ContentView.swift */ = {isa = PBXFileReference; lastKnownFileType = sourcecode.swift; path = ContentView.swift; sourceTree = "<group>"; };
		21189BE82D7BA2940045B265 /* Assets.xcassets */ = {isa = PBXFileReference; lastKnownFileType = folder.assetcatalog; path = Assets.xcassets; sourceTree = "<group>"; };
		21189BEB2D7BA2950045B265 /* Preview Assets.xcassets */ = {isa = PBXFileReference; lastKnownFileType = folder.assetcatalog; path = "Preview Assets.xcassets"; sourceTree = "<group>"; };
		211A5C462D8CBF2400B208C4 /* Uploader.swift */ = {isa = PBXFileReference; lastKnownFileType = sourcecode.swift; path = Uploader.swift; sourceTree = "<group>"; };
		212D909B2D86DD930090C510 /* LoginScreen.swift */ = {isa = PBXFileReference; lastKnownFileType = sourcecode.swift; path = LoginScreen.swift; sourceTree = "<group>"; };
		212D909D2D872ED00090C510 /* KeyChainWrapper.swift */ = {isa = PBXFileReference; lastKnownFileType = sourcecode.swift; path = KeyChainWrapper.swift; sourceTree = "<group>"; };
		21537BE12D8B510B0058E93B /* Errors.swift */ = {isa = PBXFileReference; lastKnownFileType = sourcecode.swift; path = Errors.swift; sourceTree = "<group>"; };
		21537BE32D8B591A0058E93B /* MyProductListScreen.swift */ = {isa = PBXFileReference; lastKnownFileType = sourcecode.swift; path = MyProductListScreen.swift; sourceTree = "<group>"; };
		21537BE52D8B5B280058E93B /* AddProductScreen.swift */ = {isa = PBXFileReference; lastKnownFileType = sourcecode.swift; path = AddProductScreen.swift; sourceTree = "<group>"; };
		215BDCB42DA023C2008CE594 /* MyProductDetailScreen.swift */ = {isa = PBXFileReference; lastKnownFileType = sourcecode.swift; path = MyProductDetailScreen.swift; sourceTree = "<group>"; };
		216CA2432D837672003589F5 /* AuthonticationController.swift */ = {isa = PBXFileReference; lastKnownFileType = sourcecode.swift; path = AuthonticationController.swift; sourceTree = "<group>"; };
		216CA2462D83772C003589F5 /* HTTPClient.swift */ = {isa = PBXFileReference; lastKnownFileType = sourcecode.swift; path = HTTPClient.swift; sourceTree = "<group>"; };
		216CA2492D83789E003589F5 /* AuthenticationEnvironmentKey.swift */ = {isa = PBXFileReference; lastKnownFileType = sourcecode.swift; path = AuthenticationEnvironmentKey.swift; sourceTree = "<group>"; };
		2192E6772D89FD4100891F4E /* ProductCellView.swift */ = {isa = PBXFileReference; lastKnownFileType = sourcecode.swift; path = ProductCellView.swift; sourceTree = "<group>"; };
		219D4F352D8DE95D000A8677 /* UploaderEnvironmentKey.swift */ = {isa = PBXFileReference; lastKnownFileType = sourcecode.swift; path = UploaderEnvironmentKey.swift; sourceTree = "<group>"; };
		219D4F382D8E083F000A8677 /* ImagePicker.swift */ = {isa = PBXFileReference; lastKnownFileType = sourcecode.swift; path = ImagePicker.swift; sourceTree = "<group>"; };
		219D8F7A2D883ED4000531BE /* JWTTokenValidator.swift */ = {isa = PBXFileReference; lastKnownFileType = sourcecode.swift; path = JWTTokenValidator.swift; sourceTree = "<group>"; };
		219D8F7C2D886379000531BE /* HomeScreen.swift */ = {isa = PBXFileReference; lastKnownFileType = sourcecode.swift; path = HomeScreen.swift; sourceTree = "<group>"; };
		219D8F7F2D887EB2000531BE /* RequiresAuthentication.swift */ = {isa = PBXFileReference; lastKnownFileType = sourcecode.swift; path = RequiresAuthentication.swift; sourceTree = "<group>"; };
		219D8F812D889415000531BE /* ProfileScreen.swift */ = {isa = PBXFileReference; lastKnownFileType = sourcecode.swift; path = ProfileScreen.swift; sourceTree = "<group>"; };
		219D8F832D88F702000531BE /* ProductListScreen.swift */ = {isa = PBXFileReference; lastKnownFileType = sourcecode.swift; path = ProductListScreen.swift; sourceTree = "<group>"; };
		219D8F862D88F8EA000531BE /* ProductStore.swift */ = {isa = PBXFileReference; lastKnownFileType = sourcecode.swift; path = ProductStore.swift; sourceTree = "<group>"; };
		21D552C82D84D9A9000A706D /* Constants.swift */ = {isa = PBXFileReference; lastKnownFileType = sourcecode.swift; path = Constants.swift; sourceTree = "<group>"; };
		21D552CB2D84DAED000A706D /* DTOs.swift */ = {isa = PBXFileReference; lastKnownFileType = sourcecode.swift; path = DTOs.swift; sourceTree = "<group>"; };
		21D552CE2D84DC1F000A706D /* RegistrationScreen.swift */ = {isa = PBXFileReference; lastKnownFileType = sourcecode.swift; path = RegistrationScreen.swift; sourceTree = "<group>"; };
		21D552D12D84DD87000A706D /* String+Extensions.swift */ = {isa = PBXFileReference; lastKnownFileType = sourcecode.swift; path = "String+Extensions.swift"; sourceTree = "<group>"; };
/* End PBXFileReference section */

/* Begin PBXFrameworksBuildPhase section */
		21189BDE2D7BA2930045B265 /* Frameworks */ = {
			isa = PBXFrameworksBuildPhase;
			buildActionMask = 2147483647;
			files = (
				219D8F782D883E7F000531BE /* JWTDecode in Frameworks */,
			);
			runOnlyForDeploymentPostprocessing = 0;
		};
/* End PBXFrameworksBuildPhase section */

/* Begin PBXGroup section */
		21189BD82D7BA2930045B265 = {
			isa = PBXGroup;
			children = (
				21189BE32D7BA2930045B265 /* EcomApp */,
				21189BE22D7BA2930045B265 /* Products */,
			);
			sourceTree = "<group>";
		};
		21189BE22D7BA2930045B265 /* Products */ = {
			isa = PBXGroup;
			children = (
				21189BE12D7BA2930045B265 /* EcomApp.app */,
			);
			name = Products;
			sourceTree = "<group>";
		};
		21189BE32D7BA2930045B265 /* EcomApp */ = {
			isa = PBXGroup;
			children = (
				211A5C452D8CBF1100B208C4 /* Services */,
				21537BE02D8B50D00058E93B /* Custom Errors */,
				2192E6762D89FD2B00891F4E /* Views */,
				219D8F852D88F8D0000531BE /* Products */,
				219D8F7E2D887E96000531BE /* View Modifires */,
				219D8F792D883EBA000531BE /* Validators */,
				21D552D02D84DD6B000A706D /* Extensions */,
				21D552CD2D84DBFE000A706D /* Screens */,
				21D552CA2D84DADD000A706D /* Models */,
				21D552C52D84D960000A706D /* Utils */,
				216CA2482D837881003589F5 /* Environment Values */,
				216CA2452D83771C003589F5 /* Clients */,
				216CA2422D837648003589F5 /* Controllers */,
				21189BE42D7BA2930045B265 /* EcomAppApp.swift */,
				21189BE62D7BA2930045B265 /* ContentView.swift */,
				21189BE82D7BA2940045B265 /* Assets.xcassets */,
				21189BEA2D7BA2950045B265 /* Preview Content */,
			);
			path = EcomApp;
			sourceTree = "<group>";
		};
		21189BEA2D7BA2950045B265 /* Preview Content */ = {
			isa = PBXGroup;
			children = (
				21189BEB2D7BA2950045B265 /* Preview Assets.xcassets */,
			);
			path = "Preview Content";
			sourceTree = "<group>";
		};
		211A5C452D8CBF1100B208C4 /* Services */ = {
			isa = PBXGroup;
			children = (
				211A5C462D8CBF2400B208C4 /* Uploader.swift */,
			);
			path = Services;
			sourceTree = "<group>";
		};
		21537BE02D8B50D00058E93B /* Custom Errors */ = {
			isa = PBXGroup;
			children = (
				21537BE12D8B510B0058E93B /* Errors.swift */,
			);
			path = "Custom Errors";
			sourceTree = "<group>";
		};
		216CA2422D837648003589F5 /* Controllers */ = {
			isa = PBXGroup;
			children = (
				216CA2432D837672003589F5 /* AuthonticationController.swift */,
			);
			path = Controllers;
			sourceTree = "<group>";
		};
		216CA2452D83771C003589F5 /* Clients */ = {
			isa = PBXGroup;
			children = (
				216CA2462D83772C003589F5 /* HTTPClient.swift */,
			);
			path = Clients;
			sourceTree = "<group>";
		};
		216CA2482D837881003589F5 /* Environment Values */ = {
			isa = PBXGroup;
			children = (
				216CA2492D83789E003589F5 /* AuthenticationEnvironmentKey.swift */,
				219D4F352D8DE95D000A8677 /* UploaderEnvironmentKey.swift */,
			);
			path = "Environment Values";
			sourceTree = "<group>";
		};
		2192E6762D89FD2B00891F4E /* Views */ = {
			isa = PBXGroup;
			children = (
				2192E6772D89FD4100891F4E /* ProductCellView.swift */,
			);
			path = Views;
			sourceTree = "<group>";
		};
		219D8F792D883EBA000531BE /* Validators */ = {
			isa = PBXGroup;
			children = (
				219D8F7A2D883ED4000531BE /* JWTTokenValidator.swift */,
			);
			path = Validators;
			sourceTree = "<group>";
		};
		219D8F7E2D887E96000531BE /* View Modifires */ = {
			isa = PBXGroup;
			children = (
				219D8F7F2D887EB2000531BE /* RequiresAuthentication.swift */,
			);
			path = "View Modifires";
			sourceTree = "<group>";
		};
		219D8F852D88F8D0000531BE /* Products */ = {
			isa = PBXGroup;
			children = (
				219D8F862D88F8EA000531BE /* ProductStore.swift */,
			);
			path = Products;
			sourceTree = "<group>";
		};
		21D552C52D84D960000A706D /* Utils */ = {
			isa = PBXGroup;
			children = (
				21D552C82D84D9A9000A706D /* Constants.swift */,
				212D909D2D872ED00090C510 /* KeyChainWrapper.swift */,
				219D4F382D8E083F000A8677 /* ImagePicker.swift */,
			);
			path = Utils;
			sourceTree = "<group>";
		};
		21D552CA2D84DADD000A706D /* Models */ = {
			isa = PBXGroup;
			children = (
				21D552CB2D84DAED000A706D /* DTOs.swift */,
			);
			path = Models;
			sourceTree = "<group>";
		};
		21D552CD2D84DBFE000A706D /* Screens */ = {
			isa = PBXGroup;
			children = (
				21D552CE2D84DC1F000A706D /* RegistrationScreen.swift */,
				212D909B2D86DD930090C510 /* LoginScreen.swift */,
				219D8F7C2D886379000531BE /* HomeScreen.swift */,
				219D8F812D889415000531BE /* ProfileScreen.swift */,
				219D8F832D88F702000531BE /* ProductListScreen.swift */,
				21537BE32D8B591A0058E93B /* MyProductListScreen.swift */,
				21537BE52D8B5B280058E93B /* AddProductScreen.swift */,
				215BDCB42DA023C2008CE594 /* MyProductDetailScreen.swift */,
			);
			path = Screens;
			sourceTree = "<group>";
		};
		21D552D02D84DD6B000A706D /* Extensions */ = {
			isa = PBXGroup;
			children = (
				21D552D12D84DD87000A706D /* String+Extensions.swift */,
			);
			path = Extensions;
			sourceTree = "<group>";
		};
/* End PBXGroup section */

/* Begin PBXNativeTarget section */
		21189BE02D7BA2930045B265 /* EcomApp */ = {
			isa = PBXNativeTarget;
			buildConfigurationList = 21189BEF2D7BA2950045B265 /* Build configuration list for PBXNativeTarget "EcomApp" */;
			buildPhases = (
				21189BDD2D7BA2930045B265 /* Sources */,
				21189BDE2D7BA2930045B265 /* Frameworks */,
				21189BDF2D7BA2930045B265 /* Resources */,
			);
			buildRules = (
			);
			dependencies = (
			);
			name = EcomApp;
			packageProductDependencies = (
				219D8F772D883E7F000531BE /* JWTDecode */,
			);
			productName = EcomApp;
			productReference = 21189BE12D7BA2930045B265 /* EcomApp.app */;
			productType = "com.apple.product-type.application";
		};
/* End PBXNativeTarget section */

/* Begin PBXProject section */
		21189BD92D7BA2930045B265 /* Project object */ = {
			isa = PBXProject;
			attributes = {
				BuildIndependentTargetsInParallel = 1;
				LastSwiftUpdateCheck = 1520;
				LastUpgradeCheck = 1520;
				TargetAttributes = {
					21189BE02D7BA2930045B265 = {
						CreatedOnToolsVersion = 15.2;
					};
				};
			};
			buildConfigurationList = 21189BDC2D7BA2930045B265 /* Build configuration list for PBXProject "EcomApp" */;
			compatibilityVersion = "Xcode 14.0";
			developmentRegion = en;
			hasScannedForEncodings = 0;
			knownRegions = (
				en,
				Base,
			);
			mainGroup = 21189BD82D7BA2930045B265;
			packageReferences = (
				219D8F762D883E7F000531BE /* XCRemoteSwiftPackageReference "JWTDecode" */,
			);
			productRefGroup = 21189BE22D7BA2930045B265 /* Products */;
			projectDirPath = "";
			projectRoot = "";
			targets = (
				21189BE02D7BA2930045B265 /* EcomApp */,
			);
		};
/* End PBXProject section */

/* Begin PBXResourcesBuildPhase section */
		21189BDF2D7BA2930045B265 /* Resources */ = {
			isa = PBXResourcesBuildPhase;
			buildActionMask = 2147483647;
			files = (
				21189BEC2D7BA2950045B265 /* Preview Assets.xcassets in Resources */,
				21189BE92D7BA2940045B265 /* Assets.xcassets in Resources */,
			);
			runOnlyForDeploymentPostprocessing = 0;
		};
/* End PBXResourcesBuildPhase section */

/* Begin PBXSourcesBuildPhase section */
		21189BDD2D7BA2930045B265 /* Sources */ = {
			isa = PBXSourcesBuildPhase;
			buildActionMask = 2147483647;
			files = (
				216CA2442D837672003589F5 /* AuthonticationController.swift in Sources */,
				212D909E2D872ED00090C510 /* KeyChainWrapper.swift in Sources */,
				21189BE72D7BA2930045B265 /* ContentView.swift in Sources */,
				211A5C472D8CBF2400B208C4 /* Uploader.swift in Sources */,
				21D552CC2D84DAED000A706D /* DTOs.swift in Sources */,
				21537BE62D8B5B280058E93B /* AddProductScreen.swift in Sources */,
				219D8F822D889415000531BE /* ProfileScreen.swift in Sources */,
				216CA2472D83772C003589F5 /* HTTPClient.swift in Sources */,
				21D552D22D84DD87000A706D /* String+Extensions.swift in Sources */,
				21537BE42D8B591A0058E93B /* MyProductListScreen.swift in Sources */,
				21537BE22D8B510B0058E93B /* Errors.swift in Sources */,
				215BDCB52DA023C2008CE594 /* MyProductDetailScreen.swift in Sources */,
				219D4F362D8DE95D000A8677 /* UploaderEnvironmentKey.swift in Sources */,
				219D8F7D2D886379000531BE /* HomeScreen.swift in Sources */,
				219D8F7B2D883ED4000531BE /* JWTTokenValidator.swift in Sources */,
				216CA24A2D83789E003589F5 /* AuthenticationEnvironmentKey.swift in Sources */,
				2192E6782D89FD4100891F4E /* ProductCellView.swift in Sources */,
				21189BE52D7BA2930045B265 /* EcomAppApp.swift in Sources */,
				21D552CF2D84DC1F000A706D /* RegistrationScreen.swift in Sources */,
				219D8F802D887EB2000531BE /* RequiresAuthentication.swift in Sources */,
				21D552C92D84D9A9000A706D /* Constants.swift in Sources */,
				212D909C2D86DD930090C510 /* LoginScreen.swift in Sources */,
				219D4F392D8E083F000A8677 /* ImagePicker.swift in Sources */,
				219D8F842D88F702000531BE /* ProductListScreen.swift in Sources */,
				219D8F872D88F8EA000531BE /* ProductStore.swift in Sources */,
			);
			runOnlyForDeploymentPostprocessing = 0;
		};
/* End PBXSourcesBuildPhase section */

/* Begin XCBuildConfiguration section */
		21189BED2D7BA2950045B265 /* Debug */ = {
			isa = XCBuildConfiguration;
			buildSettings = {
				ALWAYS_SEARCH_USER_PATHS = NO;
				ASSETCATALOG_COMPILER_GENERATE_SWIFT_ASSET_SYMBOL_EXTENSIONS = YES;
				CLANG_ANALYZER_NONNULL = YES;
				CLANG_ANALYZER_NUMBER_OBJECT_CONVERSION = YES_AGGRESSIVE;
				CLANG_CXX_LANGUAGE_STANDARD = "gnu++20";
				CLANG_ENABLE_MODULES = YES;
				CLANG_ENABLE_OBJC_ARC = YES;
				CLANG_ENABLE_OBJC_WEAK = YES;
				CLANG_WARN_BLOCK_CAPTURE_AUTORELEASING = YES;
				CLANG_WARN_BOOL_CONVERSION = YES;
				CLANG_WARN_COMMA = YES;
				CLANG_WARN_CONSTANT_CONVERSION = YES;
				CLANG_WARN_DEPRECATED_OBJC_IMPLEMENTATIONS = YES;
				CLANG_WARN_DIRECT_OBJC_ISA_USAGE = YES_ERROR;
				CLANG_WARN_DOCUMENTATION_COMMENTS = YES;
				CLANG_WARN_EMPTY_BODY = YES;
				CLANG_WARN_ENUM_CONVERSION = YES;
				CLANG_WARN_INFINITE_RECURSION = YES;
				CLANG_WARN_INT_CONVERSION = YES;
				CLANG_WARN_NON_LITERAL_NULL_CONVERSION = YES;
				CLANG_WARN_OBJC_IMPLICIT_RETAIN_SELF = YES;
				CLANG_WARN_OBJC_LITERAL_CONVERSION = YES;
				CLANG_WARN_OBJC_ROOT_CLASS = YES_ERROR;
				CLANG_WARN_QUOTED_INCLUDE_IN_FRAMEWORK_HEADER = YES;
				CLANG_WARN_RANGE_LOOP_ANALYSIS = YES;
				CLANG_WARN_STRICT_PROTOTYPES = YES;
				CLANG_WARN_SUSPICIOUS_MOVE = YES;
				CLANG_WARN_UNGUARDED_AVAILABILITY = YES_AGGRESSIVE;
				CLANG_WARN_UNREACHABLE_CODE = YES;
				CLANG_WARN__DUPLICATE_METHOD_MATCH = YES;
				COPY_PHASE_STRIP = NO;
				DEBUG_INFORMATION_FORMAT = dwarf;
				ENABLE_STRICT_OBJC_MSGSEND = YES;
				ENABLE_TESTABILITY = YES;
				ENABLE_USER_SCRIPT_SANDBOXING = YES;
				GCC_C_LANGUAGE_STANDARD = gnu17;
				GCC_DYNAMIC_NO_PIC = NO;
				GCC_NO_COMMON_BLOCKS = YES;
				GCC_OPTIMIZATION_LEVEL = 0;
				GCC_PREPROCESSOR_DEFINITIONS = (
					"DEBUG=1",
					"$(inherited)",
				);
				GCC_WARN_64_TO_32_BIT_CONVERSION = YES;
				GCC_WARN_ABOUT_RETURN_TYPE = YES_ERROR;
				GCC_WARN_UNDECLARED_SELECTOR = YES;
				GCC_WARN_UNINITIALIZED_AUTOS = YES_AGGRESSIVE;
				GCC_WARN_UNUSED_FUNCTION = YES;
				GCC_WARN_UNUSED_VARIABLE = YES;
				IPHONEOS_DEPLOYMENT_TARGET = 17.2;
				LOCALIZATION_PREFERS_STRING_CATALOGS = YES;
				MTL_ENABLE_DEBUG_INFO = INCLUDE_SOURCE;
				MTL_FAST_MATH = YES;
				ONLY_ACTIVE_ARCH = YES;
				SDKROOT = iphoneos;
				SWIFT_ACTIVE_COMPILATION_CONDITIONS = "DEBUG $(inherited)";
				SWIFT_OPTIMIZATION_LEVEL = "-Onone";
			};
			name = Debug;
		};
		21189BEE2D7BA2950045B265 /* Release */ = {
			isa = XCBuildConfiguration;
			buildSettings = {
				ALWAYS_SEARCH_USER_PATHS = NO;
				ASSETCATALOG_COMPILER_GENERATE_SWIFT_ASSET_SYMBOL_EXTENSIONS = YES;
				CLANG_ANALYZER_NONNULL = YES;
				CLANG_ANALYZER_NUMBER_OBJECT_CONVERSION = YES_AGGRESSIVE;
				CLANG_CXX_LANGUAGE_STANDARD = "gnu++20";
				CLANG_ENABLE_MODULES = YES;
				CLANG_ENABLE_OBJC_ARC = YES;
				CLANG_ENABLE_OBJC_WEAK = YES;
				CLANG_WARN_BLOCK_CAPTURE_AUTORELEASING = YES;
				CLANG_WARN_BOOL_CONVERSION = YES;
				CLANG_WARN_COMMA = YES;
				CLANG_WARN_CONSTANT_CONVERSION = YES;
				CLANG_WARN_DEPRECATED_OBJC_IMPLEMENTATIONS = YES;
				CLANG_WARN_DIRECT_OBJC_ISA_USAGE = YES_ERROR;
				CLANG_WARN_DOCUMENTATION_COMMENTS = YES;
				CLANG_WARN_EMPTY_BODY = YES;
				CLANG_WARN_ENUM_CONVERSION = YES;
				CLANG_WARN_INFINITE_RECURSION = YES;
				CLANG_WARN_INT_CONVERSION = YES;
				CLANG_WARN_NON_LITERAL_NULL_CONVERSION = YES;
				CLANG_WARN_OBJC_IMPLICIT_RETAIN_SELF = YES;
				CLANG_WARN_OBJC_LITERAL_CONVERSION = YES;
				CLANG_WARN_OBJC_ROOT_CLASS = YES_ERROR;
				CLANG_WARN_QUOTED_INCLUDE_IN_FRAMEWORK_HEADER = YES;
				CLANG_WARN_RANGE_LOOP_ANALYSIS = YES;
				CLANG_WARN_STRICT_PROTOTYPES = YES;
				CLANG_WARN_SUSPICIOUS_MOVE = YES;
				CLANG_WARN_UNGUARDED_AVAILABILITY = YES_AGGRESSIVE;
				CLANG_WARN_UNREACHABLE_CODE = YES;
				CLANG_WARN__DUPLICATE_METHOD_MATCH = YES;
				COPY_PHASE_STRIP = NO;
				DEBUG_INFORMATION_FORMAT = "dwarf-with-dsym";
				ENABLE_NS_ASSERTIONS = NO;
				ENABLE_STRICT_OBJC_MSGSEND = YES;
				ENABLE_USER_SCRIPT_SANDBOXING = YES;
				GCC_C_LANGUAGE_STANDARD = gnu17;
				GCC_NO_COMMON_BLOCKS = YES;
				GCC_WARN_64_TO_32_BIT_CONVERSION = YES;
				GCC_WARN_ABOUT_RETURN_TYPE = YES_ERROR;
				GCC_WARN_UNDECLARED_SELECTOR = YES;
				GCC_WARN_UNINITIALIZED_AUTOS = YES_AGGRESSIVE;
				GCC_WARN_UNUSED_FUNCTION = YES;
				GCC_WARN_UNUSED_VARIABLE = YES;
				IPHONEOS_DEPLOYMENT_TARGET = 17.2;
				LOCALIZATION_PREFERS_STRING_CATALOGS = YES;
				MTL_ENABLE_DEBUG_INFO = NO;
				MTL_FAST_MATH = YES;
				SDKROOT = iphoneos;
				SWIFT_COMPILATION_MODE = wholemodule;
				VALIDATE_PRODUCT = YES;
			};
			name = Release;
		};
		21189BF02D7BA2950045B265 /* Debug */ = {
			isa = XCBuildConfiguration;
			buildSettings = {
				ASSETCATALOG_COMPILER_APPICON_NAME = AppIcon;
				ASSETCATALOG_COMPILER_GLOBAL_ACCENT_COLOR_NAME = AccentColor;
				CODE_SIGN_STYLE = Automatic;
				CURRENT_PROJECT_VERSION = 1;
				DEVELOPMENT_ASSET_PATHS = "\"EcomApp/Preview Content\"";
				DEVELOPMENT_TEAM = 39658WZYBB;
				ENABLE_PREVIEWS = YES;
				GENERATE_INFOPLIST_FILE = YES;
				INFOPLIST_KEY_UIApplicationSceneManifest_Generation = YES;
				INFOPLIST_KEY_UIApplicationSupportsIndirectInputEvents = YES;
				INFOPLIST_KEY_UILaunchScreen_Generation = YES;
				INFOPLIST_KEY_UISupportedInterfaceOrientations_iPad = "UIInterfaceOrientationPortrait UIInterfaceOrientationPortraitUpsideDown UIInterfaceOrientationLandscapeLeft UIInterfaceOrientationLandscapeRight";
				INFOPLIST_KEY_UISupportedInterfaceOrientations_iPhone = "UIInterfaceOrientationPortrait UIInterfaceOrientationLandscapeLeft UIInterfaceOrientationLandscapeRight";
				IPHONEOS_DEPLOYMENT_TARGET = 18;
				LD_RUNPATH_SEARCH_PATHS = (
					"$(inherited)",
					"@executable_path/Frameworks",
				);
				MARKETING_VERSION = 1.0;
				PRODUCT_BUNDLE_IDENTIFIER = "s2010776146-ru.ac.bd.EcomApp";
				PRODUCT_NAME = "$(TARGET_NAME)";
				SWIFT_EMIT_LOC_STRINGS = YES;
				SWIFT_VERSION = 6.0;
				TARGETED_DEVICE_FAMILY = "1,2";
			};
			name = Debug;
		};
		21189BF12D7BA2950045B265 /* Release */ = {
			isa = XCBuildConfiguration;
			buildSettings = {
				ASSETCATALOG_COMPILER_APPICON_NAME = AppIcon;
				ASSETCATALOG_COMPILER_GLOBAL_ACCENT_COLOR_NAME = AccentColor;
				CODE_SIGN_STYLE = Automatic;
				CURRENT_PROJECT_VERSION = 1;
				DEVELOPMENT_ASSET_PATHS = "\"EcomApp/Preview Content\"";
				DEVELOPMENT_TEAM = 39658WZYBB;
				ENABLE_PREVIEWS = YES;
				GENERATE_INFOPLIST_FILE = YES;
				INFOPLIST_KEY_UIApplicationSceneManifest_Generation = YES;
				INFOPLIST_KEY_UIApplicationSupportsIndirectInputEvents = YES;
				INFOPLIST_KEY_UILaunchScreen_Generation = YES;
				INFOPLIST_KEY_UISupportedInterfaceOrientations_iPad = "UIInterfaceOrientationPortrait UIInterfaceOrientationPortraitUpsideDown UIInterfaceOrientationLandscapeLeft UIInterfaceOrientationLandscapeRight";
				INFOPLIST_KEY_UISupportedInterfaceOrientations_iPhone = "UIInterfaceOrientationPortrait UIInterfaceOrientationLandscapeLeft UIInterfaceOrientationLandscapeRight";
				IPHONEOS_DEPLOYMENT_TARGET = 18;
				LD_RUNPATH_SEARCH_PATHS = (
					"$(inherited)",
					"@executable_path/Frameworks",
				);
				MARKETING_VERSION = 1.0;
				PRODUCT_BUNDLE_IDENTIFIER = "s2010776146-ru.ac.bd.EcomApp";
				PRODUCT_NAME = "$(TARGET_NAME)";
				SWIFT_EMIT_LOC_STRINGS = YES;
				SWIFT_VERSION = 6.0;
				TARGETED_DEVICE_FAMILY = "1,2";
			};
			name = Release;
		};
/* End XCBuildConfiguration section */

/* Begin XCConfigurationList section */
		21189BDC2D7BA2930045B265 /* Build configuration list for PBXProject "EcomApp" */ = {
			isa = XCConfigurationList;
			buildConfigurations = (
				21189BED2D7BA2950045B265 /* Debug */,
				21189BEE2D7BA2950045B265 /* Release */,
			);
			defaultConfigurationIsVisible = 0;
			defaultConfigurationName = Release;
		};
		21189BEF2D7BA2950045B265 /* Build configuration list for PBXNativeTarget "EcomApp" */ = {
			isa = XCConfigurationList;
			buildConfigurations = (
				21189BF02D7BA2950045B265 /* Debug */,
				21189BF12D7BA2950045B265 /* Release */,
			);
			defaultConfigurationIsVisible = 0;
			defaultConfigurationName = Release;
		};
/* End XCConfigurationList section */

/* Begin XCRemoteSwiftPackageReference section */
		219D8F762D883E7F000531BE /* XCRemoteSwiftPackageReference "JWTDecode" */ = {
			isa = XCRemoteSwiftPackageReference;
			repositoryURL = "https://github.com/auth0/JWTDecode.swift";
			requirement = {
				kind = upToNextMajorVersion;
				minimumVersion = 3.2.0;
			};
		};
/* End XCRemoteSwiftPackageReference section */

/* Begin XCSwiftPackageProductDependency section */
		219D8F772D883E7F000531BE /* JWTDecode */ = {
			isa = XCSwiftPackageProductDependency;
			package = 219D8F762D883E7F000531BE /* XCRemoteSwiftPackageReference "JWTDecode" */;
			productName = JWTDecode;
		};
/* End XCSwiftPackageProductDependency section */
	};
	rootObject = 21189BD92D7BA2930045B265 /* Project object */;
}
